// !$*UTF8*$!
{
	archiveVersion = 1;
	classes = {
	};
	objectVersion = 46;
	objects = {

/* Begin PBXBuildFile section */
		2F22AB951F29D7C600ABE895 /* AppDelegate.swift in Sources */ = {isa = PBXBuildFile; fileRef = 2F22AB941F29D7C600ABE895 /* AppDelegate.swift */; };
		2F22AB971F29D7C600ABE895 /* ViewController.swift in Sources */ = {isa = PBXBuildFile; fileRef = 2F22AB961F29D7C600ABE895 /* ViewController.swift */; };
		2F22AB9A1F29D7C600ABE895 /* Main.storyboard in Resources */ = {isa = PBXBuildFile; fileRef = 2F22AB981F29D7C600ABE895 /* Main.storyboard */; };
		2F22AB9C1F29D7C600ABE895 /* Assets.xcassets in Resources */ = {isa = PBXBuildFile; fileRef = 2F22AB9B1F29D7C600ABE895 /* Assets.xcassets */; };
		2F22AB9F1F29D7C600ABE895 /* LaunchScreen.storyboard in Resources */ = {isa = PBXBuildFile; fileRef = 2F22AB9D1F29D7C600ABE895 /* LaunchScreen.storyboard */; };
		2F22ABA91F29E04700ABE895 /* bg_prime.jpg in Resources */ = {isa = PBXBuildFile; fileRef = 2F22ABA81F29E04700ABE895 /* bg_prime.jpg */; };
		2F22ABAB1F29EA7B00ABE895 /* MyClass.swift in Sources */ = {isa = PBXBuildFile; fileRef = 2F22ABAA1F29EA7B00ABE895 /* MyClass.swift */; };
		2FC42DA61F2AD491003A1816 /* README.md in Sources */ = {isa = PBXBuildFile; fileRef = 2FC42DA51F2AD491003A1816 /* README.md */; };
/* End PBXBuildFile section */

/* Begin PBXFileReference section */
		2F22AB911F29D7C600ABE895 /* FunnyNumber.app */ = {isa = PBXFileReference; explicitFileType = wrapper.application; includeInIndex = 0; path = FunnyNumber.app; sourceTree = BUILT_PRODUCTS_DIR; };
		2F22AB941F29D7C600ABE895 /* AppDelegate.swift */ = {isa = PBXFileReference; lastKnownFileType = sourcecode.swift; path = AppDelegate.swift; sourceTree = "<group>"; };
		2F22AB961F29D7C600ABE895 /* ViewController.swift */ = {isa = PBXFileReference; lastKnownFileType = sourcecode.swift; path = ViewController.swift; sourceTree = "<group>"; };
		2F22AB991F29D7C600ABE895 /* Base */ = {isa = PBXFileReference; lastKnownFileType = file.storyboard; name = Base; path = Base.lproj/Main.storyboard; sourceTree = "<group>"; };
		2F22AB9B1F29D7C600ABE895 /* Assets.xcassets */ = {isa = PBXFileReference; lastKnownFileType = folder.assetcatalog; path = Assets.xcassets; sourceTree = "<group>"; };
		2F22AB9E1F29D7C600ABE895 /* Base */ = {isa = PBXFileReference; lastKnownFileType = file.storyboard; name = Base; path = Base.lproj/LaunchScreen.storyboard; sourceTree = "<group>"; };
		2F22ABA01F29D7C600ABE895 /* Info.plist */ = {isa = PBXFileReference; lastKnownFileType = text.plist.xml; path = Info.plist; sourceTree = "<group>"; };
		2F22ABA81F29E04700ABE895 /* bg_prime.jpg */ = {isa = PBXFileReference; lastKnownFileType = image.jpeg; name = bg_prime.jpg; path = ../../../../Desktop/bg_prime.jpg; sourceTree = "<group>"; };
		2F22ABAA1F29EA7B00ABE895 /* MyClass.swift */ = {isa = PBXFileReference; fileEncoding = 4; lastKnownFileType = sourcecode.swift; path = MyClass.swift; sourceTree = "<group>"; };
		2FC42DA51F2AD491003A1816 /* README.md */ = {isa = PBXFileReference; fileEncoding = 4; lastKnownFileType = net.daringfireball.markdown; path = README.md; sourceTree = "<group>"; };
/* End PBXFileReference section */

/* Begin PBXFrameworksBuildPhase section */
		2F22AB8E1F29D7C600ABE895 /* Frameworks */ = {
			isa = PBXFrameworksBuildPhase;
			buildActionMask = 2147483647;
			files = (
			);
			runOnlyForDeploymentPostprocessing = 0;
		};
/* End PBXFrameworksBuildPhase section */

/* Begin PBXGroup section */
		2F22AB881F29D7C600ABE895 = {
			isa = PBXGroup;
			children = (
				2FC42DA51F2AD491003A1816 /* README.md */,
				2F22AB931F29D7C600ABE895 /* FunnyNumber */,
				2F22AB921F29D7C600ABE895 /* Products */,
			);
			sourceTree = "<group>";
		};
		2F22AB921F29D7C600ABE895 /* Products */ = {
			isa = PBXGroup;
			children = (
				2F22AB911F29D7C600ABE895 /* FunnyNumber.app */,
			);
			name = Products;
			sourceTree = "<group>";
		};
		2F22AB931F29D7C600ABE895 /* FunnyNumber */ = {
			isa = PBXGroup;
			children = (
				2F22AB941F29D7C600ABE895 /* AppDelegate.swift */,
				2F22ABA81F29E04700ABE895 /* bg_prime.jpg */,
				2F22AB961F29D7C600ABE895 /* ViewController.swift */,
				2F22AB981F29D7C600ABE895 /* Main.storyboard */,
				2F22AB9B1F29D7C600ABE895 /* Assets.xcassets */,
				2F22AB9D1F29D7C600ABE895 /* LaunchScreen.storyboard */,
				2F22ABA01F29D7C600ABE895 /* Info.plist */,
				2F22ABAA1F29EA7B00ABE895 /* MyClass.swift */,
			);
			path = FunnyNumber;
			sourceTree = "<group>";
		};
/* End PBXGroup section */

/* Begin PBXNativeTarget section */
		2F22AB901F29D7C600ABE895 /* FunnyNumber */ = {
			isa = PBXNativeTarget;
			buildConfigurationList = 2F22ABA31F29D7C600ABE895 /* Build configuration list for PBXNativeTarget "FunnyNumber" */;
			buildPhases = (
				2F22AB8D1F29D7C600ABE895 /* Sources */,
				2F22AB8E1F29D7C600ABE895 /* Frameworks */,
				2F22AB8F1F29D7C600ABE895 /* Resources */,
			);
			buildRules = (
			);
			dependencies = (
			);
			name = FunnyNumber;
			productName = FunnyNumber;
			productReference = 2F22AB911F29D7C600ABE895 /* FunnyNumber.app */;
			productType = "com.apple.product-type.application";
		};
/* End PBXNativeTarget section */

/* Begin PBXProject section */
		2F22AB891F29D7C600ABE895 /* Project object */ = {
			isa = PBXProject;
			attributes = {
				LastSwiftUpdateCheck = 0830;
				LastUpgradeCheck = 0830;
				ORGANIZATIONNAME = Com03;
				TargetAttributes = {
					2F22AB901F29D7C600ABE895 = {
						CreatedOnToolsVersion = 8.3.3;
						ProvisioningStyle = Automatic;
					};
				};
			};
			buildConfigurationList = 2F22AB8C1F29D7C600ABE895 /* Build configuration list for PBXProject "FunnyNumber" */;
			compatibilityVersion = "Xcode 3.2";
			developmentRegion = English;
			hasScannedForEncodings = 0;
			knownRegions = (
				en,
				Base,
			);
			mainGroup = 2F22AB881F29D7C600ABE895;
			productRefGroup = 2F22AB921F29D7C600ABE895 /* Products */;
			projectDirPath = "";
			projectRoot = "";
			targets = (
				2F22AB901F29D7C600ABE895 /* FunnyNumber */,
			);
		};
/* End PBXProject section */

/* Begin PBXResourcesBuildPhase section */
		2F22AB8F1F29D7C600ABE895 /* Resources */ = {
			isa = PBXResourcesBuildPhase;
			buildActionMask = 2147483647;
			files = (
				2F22ABA91F29E04700ABE895 /* bg_prime.jpg in Resources */,
				2F22AB9F1F29D7C600ABE895 /* LaunchScreen.storyboard in Resources */,
				2F22AB9C1F29D7C600ABE895 /* Assets.xcassets in Resources */,
				2F22AB9A1F29D7C600ABE895 /* Main.storyboard in Resources */,
			);
			runOnlyForDeploymentPostprocessing = 0;
		};
/* End PBXResourcesBuildPhase section */

/* Begin PBXSourcesBuildPhase section */
		2F22AB8D1F29D7C600ABE895 /* Sources */ = {
			isa = PBXSourcesBuildPhase;
			buildActionMask = 2147483647;
			files = (
				2F22AB971F29D7C600ABE895 /* ViewController.swift in Sources */,
				2F22AB951F29D7C600ABE895 /* AppDelegate.swift in Sources */,
				2FC42DA61F2AD491003A1816 /* README.md in Sources */,
				2F22ABAB1F29EA7B00ABE895 /* MyClass.swift in Sources */,
			);
			runOnlyForDeploymentPostprocessing = 0;
		};
/* End PBXSourcesBuildPhase section */

/* Begin PBXVariantGroup section */
		2F22AB981F29D7C600ABE895 /* Main.storyboard */ = {
			isa = PBXVariantGroup;
			children = (
				2F22AB991F29D7C600ABE895 /* Base */,
			);
			name = Main.storyboard;
			sourceTree = "<group>";
		};
		2F22AB9D1F29D7C600ABE895 /* LaunchScreen.storyboard */ = {
			isa = PBXVariantGroup;
			children = (
				2F22AB9E1F29D7C600ABE895 /* Base */,
			);
			name = LaunchScreen.storyboard;
			sourceTree = "<group>";
		};
/* End PBXVariantGroup section */

/* Begin XCBuildConfiguration section */
		2F22ABA11F29D7C600ABE895 /* Debug */ = {
			isa = XCBuildConfiguration;
			buildSettings = {
				ALWAYS_SEARCH_USER_PATHS = NO;
				CLANG_ANALYZER_NONNULL = YES;
				CLANG_ANALYZER_NUMBER_OBJECT_CONVERSION = YES_AGGRESSIVE;
				CLANG_CXX_LANGUAGE_STANDARD = "gnu++0x";
				CLANG_CXX_LIBRARY = "libc++";
				CLANG_ENABLE_MODULES = YES;
				CLANG_ENABLE_OBJC_ARC = YES;
				CLANG_WARN_BOOL_CONVERSION = YES;
				CLANG_WARN_CONSTANT_CONVERSION = YES;
				CLANG_WARN_DIRECT_OBJC_ISA_USAGE = YES_ERROR;
				CLANG_WARN_DOCUMENTATION_COMMENTS = YES;
				CLANG_WARN_EMPTY_BODY = YES;
				CLANG_WARN_ENUM_CONVERSION = YES;
				CLANG_WARN_INFINITE_RECURSION = YES;
				CLANG_WARN_INT_CONVERSION = YES;
				CLANG_WARN_OBJC_ROOT_CLASS = YES_ERROR;
				CLANG_WARN_SUSPICIOUS_MOVE = YES;
				CLANG_WARN_UNREACHABLE_CODE = YES;
				CLANG_WARN__DUPLICATE_METHOD_MATCH = YES;
				"CODE_SIGN_IDENTITY[sdk=iphoneos*]" = "iPhone Developer";
				COPY_PHASE_STRIP = NO;
				DEBUG_INFORMATION_FORMAT = dwarf;
				ENABLE_STRICT_OBJC_MSGSEND = YES;
				ENABLE_TESTABILITY = YES;
				GCC_C_LANGUAGE_STANDARD = gnu99;
				GCC_DYNAMIC_NO_PIC = NO;
				GCC_NO_COMMON_BLOCKS = YES;
				GCC_OPTIMIZATION_LEVEL = 0;
				GCC_PREPROCESSOR_DEFINITIONS = (
					"DEBUG=1",
					"$(inherited)",
				);
				GCC_WARN_64_TO_32_BIT_CONVERSION = YES;
				GCC_WARN_ABOUT_RETURN_TYPE = YES_ERROR;
				GCC_WARN_UNDECLARED_SELECTOR = YES;
				GCC_WARN_UNINITIALIZED_AUTOS = YES_AGGRESSIVE;
				GCC_WARN_UNUSED_FUNCTION = YES;
				GCC_WARN_UNUSED_VARIABLE = YES;
				IPHONEOS_DEPLOYMENT_TARGET = 10.3;
				MTL_ENABLE_DEBUG_INFO = YES;
				ONLY_ACTIVE_ARCH = YES;
				SDKROOT = iphoneos;
				SWIFT_ACTIVE_COMPILATION_CONDITIONS = DEBUG;
				SWIFT_OPTIMIZATION_LEVEL = "-Onone";
				TARGETED_DEVICE_FAMILY = "1,2";
			};
			name = Debug;
		};
		2F22ABA21F29D7C600ABE895 /* Release */ = {
			isa = XCBuildConfiguration;
			buildSettings = {
				ALWAYS_SEARCH_USER_PATHS = NO;
				CLANG_ANALYZER_NONNULL = YES;
				CLANG_ANALYZER_NUMBER_OBJECT_CONVERSION = YES_AGGRESSIVE;
				CLANG_CXX_LANGUAGE_STANDARD = "gnu++0x";
				CLANG_CXX_LIBRARY = "libc++";
				CLANG_ENABLE_MODULES = YES;
				CLANG_ENABLE_OBJC_ARC = YES;
				CLANG_WARN_BOOL_CONVERSION = YES;
				CLANG_WARN_CONSTANT_CONVERSION = YES;
				CLANG_WARN_DIRECT_OBJC_ISA_USAGE = YES_ERROR;
				CLANG_WARN_DOCUMENTATION_COMMENTS = YES;
				CLANG_WARN_EMPTY_BODY = YES;
				CLANG_WARN_ENUM_CONVERSION = YES;
				CLANG_WARN_INFINITE_RECURSION = YES;
				CLANG_WARN_INT_CONVERSION = YES;
				CLANG_WARN_OBJC_ROOT_CLASS = YES_ERROR;
				CLANG_WARN_SUSPICIOUS_MOVE = YES;
				CLANG_WARN_UNREACHABLE_CODE = YES;
				CLANG_WARN__DUPLICATE_METHOD_MATCH = YES;
				"CODE_SIGN_IDENTITY[sdk=iphoneos*]" = "iPhone Developer";
				COPY_PHASE_STRIP = NO;
				DEBUG_INFORMATION_FORMAT = "dwarf-with-dsym";
				ENABLE_NS_ASSERTIONS = NO;
				ENABLE_STRICT_OBJC_MSGSEND = YES;
				GCC_C_LANGUAGE_STANDARD = gnu99;
				GCC_NO_COMMON_BLOCKS = YES;
				GCC_WARN_64_TO_32_BIT_CONVERSION = YES;
				GCC_WARN_ABOUT_RETURN_TYPE = YES_ERROR;
				GCC_WARN_UNDECLARED_SELECTOR = YES;
				GCC_WARN_UNINITIALIZED_AUTOS = YES_AGGRESSIVE;
				GCC_WARN_UNUSED_FUNCTION = YES;
				GCC_WARN_UNUSED_VARIABLE = YES;
				IPHONEOS_DEPLOYMENT_TARGET = 10.3;
				MTL_ENABLE_DEBUG_INFO = NO;
				SDKROOT = iphoneos;
				SWIFT_OPTIMIZATION_LEVEL = "-Owholemodule";
				TARGETED_DEVICE_FAMILY = "1,2";
				VALIDATE_PRODUCT = YES;
			};
			name = Release;
		};
		2F22ABA41F29D7C600ABE895 /* Debug */ = {
			isa = XCBuildConfiguration;
			buildSettings = {
				ASSETCATALOG_COMPILER_APPICON_NAME = AppIcon;
				INFOPLIST_FILE = FunnyNumber/Info.plist;
				LD_RUNPATH_SEARCH_PATHS = "$(inherited) @executable_path/Frameworks";
				PRODUCT_BUNDLE_IDENTIFIER = sarawut.FunnyNumber;
				PRODUCT_NAME = "$(TARGET_NAME)";
				SWIFT_VERSION = 3.0;
			};
			name = Debug;
		};
		2F22ABA51F29D7C600ABE895 /* Release */ = {
			isa = XCBuildConfiguration;
			buildSettings = {
				ASSETCATALOG_COMPILER_APPICON_NAME = AppIcon;
				INFOPLIST_FILE = FunnyNumber/Info.plist;
				LD_RUNPATH_SEARCH_PATHS = "$(inherited) @executable_path/Frameworks";
				PRODUCT_BUNDLE_IDENTIFIER = sarawut.FunnyNumber;
				PRODUCT_NAME = "$(TARGET_NAME)";
				SWIFT_VERSION = 3.0;
			};
			name = Release;
		};
/* End XCBuildConfiguration section */

/* Begin XCConfigurationList section */
		2F22AB8C1F29D7C600ABE895 /* Build configuration list for PBXProject "FunnyNumber" */ = {
			isa = XCConfigurationList;
			buildConfigurations = (
				2F22ABA11F29D7C600ABE895 /* Debug */,
				2F22ABA21F29D7C600ABE895 /* Release */,
			);
			defaultConfigurationIsVisible = 0;
			defaultConfigurationName = Release;
		};
		2F22ABA31F29D7C600ABE895 /* Build configuration list for PBXNativeTarget "FunnyNumber" */ = {
			isa = XCConfigurationList;
			buildConfigurations = (
				2F22ABA41F29D7C600ABE895 /* Debug */,
				2F22ABA51F29D7C600ABE895 /* Release */,
			);
			defaultConfigurationIsVisible = 0;
			defaultConfigurationName = Release;
		};
/* End XCConfigurationList section */
	};
	rootObject = 2F22AB891F29D7C600ABE895 /* Project object */;
}
